
Microsoft Visual Studio Solution File, Format Version 12.00
# Visual Studio Version 16
VisualStudioVersion = 16.0.31112.23
MinimumVisualStudioVersion = 10.0.40219.1
Project("{FAE04EC0-301F-11D3-BF4B-00C04F79EFBC}") = "BlogApi", "BlogApi.csproj", "{1A798F78-652F-4182-8343-229613F8A9C1}"
EndProject
Global
	GlobalSection(SolutionConfigurationPlatforms) = preSolution
		Debug|Any CPU = Debug|Any CPU
		Release|Any CPU = Release|Any CPU
	EndGlobalSection
	GlobalSection(ProjectConfigurationPlatforms) = postSolution
		{1A798F78-652F-4182-8343-229613F8A9C1}.Debug|Any CPU.ActiveCfg = Debug|Any CPU
		{1A798F78-652F-4182-8343-229613F8A9C1}.Debug|Any CPU.Build.0 = Debug|Any CPU
		{1A798F78-652F-4182-8343-229613F8A9C1}.Release|Any CPU.ActiveCfg = Release|Any CPU
		{1A798F78-652F-4182-8343-229613F8A9C1}.Release|Any CPU.Build.0 = Release|Any CPU
	EndGlobalSection
	GlobalSection(SolutionProperties) = preSolution
		HideSolutionNode = FALSE
	EndGlobalSection
	GlobalSection(ExtensibilityGlobals) = postSolution
		SolutionGuid = {97AB2C13-D937-4C5C-9617-23EAD94008C8}
	EndGlobalSection
EndGlobal
