
Microsoft Visual Studio Solution File, Format Version 12.00
# Visual Studio Version 16
VisualStudioVersion = 16.0.31112.23
MinimumVisualStudioVersion = 10.0.40219.1
Project("{9A19103F-16F7-4668-BE54-9A1E7A4F7556}") = "BlogApi", "src\BlogApi.csproj", "{DDD1860D-BDEF-4913-8A2E-086AE8B14520}"
EndProject
Project("{FAE04EC0-301F-11D3-BF4B-00C04F79EFBC}") = "tests", "tests\tests.csproj", "{B0610FB2-F567-4D14-AA3C-94E817F5AD53}"
EndProject
Global
	GlobalSection(SolutionConfigurationPlatforms) = preSolution
		Debug|Any CPU = Debug|Any CPU
		Release|Any CPU = Release|Any CPU
	EndGlobalSection
	GlobalSection(ProjectConfigurationPlatforms) = postSolution
		{DDD1860D-BDEF-4913-8A2E-086AE8B14520}.Debug|Any CPU.ActiveCfg = Debug|Any CPU
		{DDD1860D-BDEF-4913-8A2E-086AE8B14520}.Debug|Any CPU.Build.0 = Debug|Any CPU
		{DDD1860D-BDEF-4913-8A2E-086AE8B14520}.Release|Any CPU.ActiveCfg = Release|Any CPU
		{DDD1860D-BDEF-4913-8A2E-086AE8B14520}.Release|Any CPU.Build.0 = Release|Any CPU
		{B0610FB2-F567-4D14-AA3C-94E817F5AD53}.Debug|Any CPU.ActiveCfg = Debug|Any CPU
		{B0610FB2-F567-4D14-AA3C-94E817F5AD53}.Debug|Any CPU.Build.0 = Debug|Any CPU
		{B0610FB2-F567-4D14-AA3C-94E817F5AD53}.Release|Any CPU.ActiveCfg = Release|Any CPU
		{B0610FB2-F567-4D14-AA3C-94E817F5AD53}.Release|Any CPU.Build.0 = Release|Any CPU
	EndGlobalSection
	GlobalSection(SolutionProperties) = preSolution
		HideSolutionNode = FALSE
	EndGlobalSection
	GlobalSection(ExtensibilityGlobals) = postSolution
		SolutionGuid = {97AB2C13-D937-4C5C-9617-23EAD94008C8}
	EndGlobalSection
EndGlobal
